hash: 2b9c4cc7a8e0b44211abad6f62bf2e5c05c3c7fb735df0ba9177c2c3c0400889
updated: 2017-10-23T15:49:41.007186745+08:00
imports:
- name: github.com/eclipse/paho.mqtt.golang
  version: aff15770515e3c57fc6109da73d42b0d46f7f483
  subpackages:
  - packets
- name: github.com/moul/http2curl
  version: 9ac6cf4d929b2fa8fd2d2e6dec5bb0feb4f4911d
- name: github.com/parnurzeal/gorequest
  version: a578a48e8d6ca8b01a3b18314c43c6716bb5f5a3
- name: github.com/pkg/errors
  version: f15c970de5b76fac0b59abb32d62c17cc7bed265
- name: github.com/satori/go.uuid
  version: 879c5887cd475cd7864858769793b2ceb0d44feb
- name: golang.org/x/net
  version: cd69bc3fc700721b709c3a59e16e24c67b58f6ff
  subpackages:
  - proxy
  - publicsuffix
  - websocket
testImports: []
